
Microsoft Visual Studio Solution File, Format Version 12.00
# Visual Studio Version 16
VisualStudioVersion = 16.0.35325.158
MinimumVisualStudioVersion = 10.0.40219.1
Project("{FAE04EC0-301F-11D3-BF4B-00C04F79EFBC}") = "ADO.net_Assingment", "ADO.net_Assingment\ADO.net_Assingment.csproj", "{899BE9D4-ACC0-475F-9180-814892CFF8D4}"
EndProject
Global
	GlobalSection(SolutionConfigurationPlatforms) = preSolution
		Debug|Any CPU = Debug|Any CPU
		Release|Any CPU = Release|Any CPU
	EndGlobalSection
	GlobalSection(ProjectConfigurationPlatforms) = postSolution
		{899BE9D4-ACC0-475F-9180-814892CFF8D4}.Debug|Any CPU.ActiveCfg = Debug|Any CPU
		{899BE9D4-ACC0-475F-9180-814892CFF8D4}.Debug|Any CPU.Build.0 = Debug|Any CPU
		{899BE9D4-ACC0-475F-9180-814892CFF8D4}.Release|Any CPU.ActiveCfg = Release|Any CPU
		{899BE9D4-ACC0-475F-9180-814892CFF8D4}.Release|Any CPU.Build.0 = Release|Any CPU
	EndGlobalSection
	GlobalSection(SolutionProperties) = preSolution
		HideSolutionNode = FALSE
	EndGlobalSection
	GlobalSection(ExtensibilityGlobals) = postSolution
		SolutionGuid = {51ED634A-D084-42D1-ACA1-E9BFEF1EF8E6}
	EndGlobalSection
EndGlobal
