
Microsoft Visual Studio Solution File, Format Version 12.00
# Visual Studio Version 17
VisualStudioVersion = 17.11.35327.3
MinimumVisualStudioVersion = 10.0.40219.1
Project("{FAE04EC0-301F-11D3-BF4B-00C04F79EFBC}") = "Performing Operations 29-10-2024", "Performing Operations 29-10-2024\Performing Operations 29-10-2024.csproj", "{94C09315-DCBD-4366-891E-5F414B568B82}"
EndProject
Global
	GlobalSection(SolutionConfigurationPlatforms) = preSolution
		Debug|Any CPU = Debug|Any CPU
		Release|Any CPU = Release|Any CPU
	EndGlobalSection
	GlobalSection(ProjectConfigurationPlatforms) = postSolution
		{94C09315-DCBD-4366-891E-5F414B568B82}.Debug|Any CPU.ActiveCfg = Debug|Any CPU
		{94C09315-DCBD-4366-891E-5F414B568B82}.Debug|Any CPU.Build.0 = Debug|Any CPU
		{94C09315-DCBD-4366-891E-5F414B568B82}.Release|Any CPU.ActiveCfg = Release|Any CPU
		{94C09315-DCBD-4366-891E-5F414B568B82}.Release|Any CPU.Build.0 = Release|Any CPU
	EndGlobalSection
	GlobalSection(SolutionProperties) = preSolution
		HideSolutionNode = FALSE
	EndGlobalSection
	GlobalSection(ExtensibilityGlobals) = postSolution
		SolutionGuid = {0A053DF1-784B-4E7D-A7CC-AA619C87FC85}
	EndGlobalSection
EndGlobal
