
Microsoft Visual Studio Solution File, Format Version 12.00
# Visual Studio Version 16
VisualStudioVersion = 16.0.35325.158
MinimumVisualStudioVersion = 10.0.40219.1
Project("{FAE04EC0-301F-11D3-BF4B-00C04F79EFBC}") = "Assesment_3", "Assesment_3\Assesment_3.csproj", "{81A8262B-4DC8-4754-BF52-BACB73687C94}"
EndProject
Global
	GlobalSection(SolutionConfigurationPlatforms) = preSolution
		Debug|Any CPU = Debug|Any CPU
		Release|Any CPU = Release|Any CPU
	EndGlobalSection
	GlobalSection(ProjectConfigurationPlatforms) = postSolution
		{81A8262B-4DC8-4754-BF52-BACB73687C94}.Debug|Any CPU.ActiveCfg = Debug|Any CPU
		{81A8262B-4DC8-4754-BF52-BACB73687C94}.Debug|Any CPU.Build.0 = Debug|Any CPU
		{81A8262B-4DC8-4754-BF52-BACB73687C94}.Release|Any CPU.ActiveCfg = Release|Any CPU
		{81A8262B-4DC8-4754-BF52-BACB73687C94}.Release|Any CPU.Build.0 = Release|Any CPU
	EndGlobalSection
	GlobalSection(SolutionProperties) = preSolution
		HideSolutionNode = FALSE
	EndGlobalSection
	GlobalSection(ExtensibilityGlobals) = postSolution
		SolutionGuid = {106FA7EC-DB73-4BB4-9AB4-CF2963EC98B4}
	EndGlobalSection
EndGlobal
