
Microsoft Visual Studio Solution File, Format Version 12.00
# Visual Studio Version 17
VisualStudioVersion = 17.11.35327.3
MinimumVisualStudioVersion = 10.0.40219.1
Project("{FAE04EC0-301F-11D3-BF4B-00C04F79EFBC}") = "ten_marks", "ten_marks\ten_marks.csproj", "{6459448F-5E62-401B-B034-9BD3A87838BF}"
EndProject
Global
	GlobalSection(SolutionConfigurationPlatforms) = preSolution
		Debug|Any CPU = Debug|Any CPU
		Release|Any CPU = Release|Any CPU
	EndGlobalSection
	GlobalSection(ProjectConfigurationPlatforms) = postSolution
		{6459448F-5E62-401B-B034-9BD3A87838BF}.Debug|Any CPU.ActiveCfg = Debug|Any CPU
		{6459448F-5E62-401B-B034-9BD3A87838BF}.Debug|Any CPU.Build.0 = Debug|Any CPU
		{6459448F-5E62-401B-B034-9BD3A87838BF}.Release|Any CPU.ActiveCfg = Release|Any CPU
		{6459448F-5E62-401B-B034-9BD3A87838BF}.Release|Any CPU.Build.0 = Release|Any CPU
	EndGlobalSection
	GlobalSection(SolutionProperties) = preSolution
		HideSolutionNode = FALSE
	EndGlobalSection
	GlobalSection(ExtensibilityGlobals) = postSolution
		SolutionGuid = {CF98E716-BC8A-45B6-A73F-8712ABDA2792}
	EndGlobalSection
EndGlobal
