
Microsoft Visual Studio Solution File, Format Version 12.00
# Visual Studio Version 16
VisualStudioVersion = 16.0.35325.158
MinimumVisualStudioVersion = 10.0.40219.1
Project("{FAE04EC0-301F-11D3-BF4B-00C04F79EFBC}") = "ClassLibraryAssignment-6", "ClassLibraryAssignment-6\ClassLibraryAssignment-6.csproj", "{BCE83ABB-77B7-47E2-BCDF-037E933939E7}"
EndProject
Global
	GlobalSection(SolutionConfigurationPlatforms) = preSolution
		Debug|Any CPU = Debug|Any CPU
		Release|Any CPU = Release|Any CPU
	EndGlobalSection
	GlobalSection(ProjectConfigurationPlatforms) = postSolution
		{BCE83ABB-77B7-47E2-BCDF-037E933939E7}.Debug|Any CPU.ActiveCfg = Debug|Any CPU
		{BCE83ABB-77B7-47E2-BCDF-037E933939E7}.Debug|Any CPU.Build.0 = Debug|Any CPU
		{BCE83ABB-77B7-47E2-BCDF-037E933939E7}.Release|Any CPU.ActiveCfg = Release|Any CPU
		{BCE83ABB-77B7-47E2-BCDF-037E933939E7}.Release|Any CPU.Build.0 = Release|Any CPU
	EndGlobalSection
	GlobalSection(SolutionProperties) = preSolution
		HideSolutionNode = FALSE
	EndGlobalSection
	GlobalSection(ExtensibilityGlobals) = postSolution
		SolutionGuid = {325B6024-108A-425F-BCC3-C55FD574B964}
	EndGlobalSection
EndGlobal
